
Microsoft Visual Studio Solution File, Format Version 12.00
# Visual Studio 15
VisualStudioVersion = 15.0.28307.1831
MinimumVisualStudioVersion = 10.0.40219.1
Project("{FAE04EC0-301F-11D3-BF4B-00C04F79EFBC}") = "CraCode.WebLayer", "CraCode.WebLayer\CraCode.WebLayer.csproj", "{7BD12E30-F7A5-4AC7-A588-49895B6EA6F4}"
EndProject
Project("{FAE04EC0-301F-11D3-BF4B-00C04F79EFBC}") = "CraCode.ModelLayer", "CraCode.ModelLayer\CraCode.ModelLayer.csproj", "{1AAD11A5-53FB-4AB6-8B51-DE74E65EE252}"
EndProject
Project("{FAE04EC0-301F-11D3-BF4B-00C04F79EFBC}") = "CraCode.DBLayer", "CraCode.DBLayer\CraCode.DBLayer.csproj", "{4CFE57A2-FF3B-4C33-B651-70627223E64D}"
EndProject
Project("{FAE04EC0-301F-11D3-BF4B-00C04F79EFBC}") = "CraCode.ServicesLayer", "CraCode.ServicesLayer\CraCode.ServicesLayer.csproj", "{5D197180-64FF-4CCE-84E6-00AD5EB18AB2}"
EndProject
Global
	GlobalSection(SolutionConfigurationPlatforms) = preSolution
		Debug|Any CPU = Debug|Any CPU
		Release|Any CPU = Release|Any CPU
	EndGlobalSection
	GlobalSection(ProjectConfigurationPlatforms) = postSolution
		{7BD12E30-F7A5-4AC7-A588-49895B6EA6F4}.Debug|Any CPU.ActiveCfg = Debug|Any CPU
		{7BD12E30-F7A5-4AC7-A588-49895B6EA6F4}.Debug|Any CPU.Build.0 = Debug|Any CPU
		{7BD12E30-F7A5-4AC7-A588-49895B6EA6F4}.Release|Any CPU.ActiveCfg = Release|Any CPU
		{7BD12E30-F7A5-4AC7-A588-49895B6EA6F4}.Release|Any CPU.Build.0 = Release|Any CPU
		{1AAD11A5-53FB-4AB6-8B51-DE74E65EE252}.Debug|Any CPU.ActiveCfg = Debug|Any CPU
		{1AAD11A5-53FB-4AB6-8B51-DE74E65EE252}.Debug|Any CPU.Build.0 = Debug|Any CPU
		{1AAD11A5-53FB-4AB6-8B51-DE74E65EE252}.Release|Any CPU.ActiveCfg = Release|Any CPU
		{1AAD11A5-53FB-4AB6-8B51-DE74E65EE252}.Release|Any CPU.Build.0 = Release|Any CPU
		{4CFE57A2-FF3B-4C33-B651-70627223E64D}.Debug|Any CPU.ActiveCfg = Debug|Any CPU
		{4CFE57A2-FF3B-4C33-B651-70627223E64D}.Debug|Any CPU.Build.0 = Debug|Any CPU
		{4CFE57A2-FF3B-4C33-B651-70627223E64D}.Release|Any CPU.ActiveCfg = Release|Any CPU
		{4CFE57A2-FF3B-4C33-B651-70627223E64D}.Release|Any CPU.Build.0 = Release|Any CPU
		{5D197180-64FF-4CCE-84E6-00AD5EB18AB2}.Debug|Any CPU.ActiveCfg = Debug|Any CPU
		{5D197180-64FF-4CCE-84E6-00AD5EB18AB2}.Debug|Any CPU.Build.0 = Debug|Any CPU
		{5D197180-64FF-4CCE-84E6-00AD5EB18AB2}.Release|Any CPU.ActiveCfg = Release|Any CPU
		{5D197180-64FF-4CCE-84E6-00AD5EB18AB2}.Release|Any CPU.Build.0 = Release|Any CPU
	EndGlobalSection
	GlobalSection(SolutionProperties) = preSolution
		HideSolutionNode = FALSE
	EndGlobalSection
	GlobalSection(ExtensibilityGlobals) = postSolution
		SolutionGuid = {602EFA79-5317-4F34-AA7E-D1B8E5D55A94}
	EndGlobalSection
EndGlobal
